
Microsoft Visual Studio Solution File, Format Version 12.00
# Visual Studio Version 16
VisualStudioVersion = 16.0.31729.503
MinimumVisualStudioVersion = 10.0.40219.1
Project("{FAE04EC0-301F-11D3-BF4B-00C04F79EFBC}") = "finalProject", "finalProject\finalProject.csproj", "{DFA8D653-1D64-4607-A308-C5B305F8E16A}"
EndProject
Global
	GlobalSection(SolutionConfigurationPlatforms) = preSolution
		Debug|Any CPU = Debug|Any CPU
		Release|Any CPU = Release|Any CPU
	EndGlobalSection
	GlobalSection(ProjectConfigurationPlatforms) = postSolution
		{DFA8D653-1D64-4607-A308-C5B305F8E16A}.Debug|Any CPU.ActiveCfg = Debug|Any CPU
		{DFA8D653-1D64-4607-A308-C5B305F8E16A}.Debug|Any CPU.Build.0 = Debug|Any CPU
		{DFA8D653-1D64-4607-A308-C5B305F8E16A}.Release|Any CPU.ActiveCfg = Release|Any CPU
		{DFA8D653-1D64-4607-A308-C5B305F8E16A}.Release|Any CPU.Build.0 = Release|Any CPU
	EndGlobalSection
	GlobalSection(SolutionProperties) = preSolution
		HideSolutionNode = FALSE
	EndGlobalSection
	GlobalSection(ExtensibilityGlobals) = postSolution
		SolutionGuid = {927CB630-9EE5-47AA-959A-BCF7DC3907E7}
	EndGlobalSection
EndGlobal
